
Microsoft Visual Studio Solution File, Format Version 12.00
# Visual Studio Version 17
VisualStudioVersion = 17.6.33815.320
MinimumVisualStudioVersion = 10.0.40219.1
Project("{FAE04EC0-301F-11D3-BF4B-00C04F79EFBC}") = "CRUD_Operations_Entity_Framework", "CRUD_Operations_Entity_Framework\CRUD_Operations_Entity_Framework.csproj", "{CC809CE7-6DA3-4C4D-B0B2-A7E90824CD60}"
EndProject
Global
	GlobalSection(SolutionConfigurationPlatforms) = preSolution
		Debug|Any CPU = Debug|Any CPU
		Release|Any CPU = Release|Any CPU
	EndGlobalSection
	GlobalSection(ProjectConfigurationPlatforms) = postSolution
		{CC809CE7-6DA3-4C4D-B0B2-A7E90824CD60}.Debug|Any CPU.ActiveCfg = Debug|Any CPU
		{CC809CE7-6DA3-4C4D-B0B2-A7E90824CD60}.Debug|Any CPU.Build.0 = Debug|Any CPU
		{CC809CE7-6DA3-4C4D-B0B2-A7E90824CD60}.Release|Any CPU.ActiveCfg = Release|Any CPU
		{CC809CE7-6DA3-4C4D-B0B2-A7E90824CD60}.Release|Any CPU.Build.0 = Release|Any CPU
	EndGlobalSection
	GlobalSection(SolutionProperties) = preSolution
		HideSolutionNode = FALSE
	EndGlobalSection
	GlobalSection(ExtensibilityGlobals) = postSolution
		SolutionGuid = {9FF7CD27-4671-4F3C-BD43-5C9F318856FB}
	EndGlobalSection
EndGlobal
