
Microsoft Visual Studio Solution File, Format Version 12.00
# Visual Studio Version 17
VisualStudioVersion = 17.6.33815.320
MinimumVisualStudioVersion = 10.0.40219.1
Project("{FAE04EC0-301F-11D3-BF4B-00C04F79EFBC}") = "CRUDOperations_DisconnectedModel", "CRUDOperations_DisconnectedModel\CRUDOperations_DisconnectedModel.csproj", "{228CD913-33BE-4630-A551-FF9F0A7FAAAF}"
EndProject
Global
	GlobalSection(SolutionConfigurationPlatforms) = preSolution
		Debug|Any CPU = Debug|Any CPU
		Release|Any CPU = Release|Any CPU
	EndGlobalSection
	GlobalSection(ProjectConfigurationPlatforms) = postSolution
		{228CD913-33BE-4630-A551-FF9F0A7FAAAF}.Debug|Any CPU.ActiveCfg = Debug|Any CPU
		{228CD913-33BE-4630-A551-FF9F0A7FAAAF}.Debug|Any CPU.Build.0 = Debug|Any CPU
		{228CD913-33BE-4630-A551-FF9F0A7FAAAF}.Release|Any CPU.ActiveCfg = Release|Any CPU
		{228CD913-33BE-4630-A551-FF9F0A7FAAAF}.Release|Any CPU.Build.0 = Release|Any CPU
	EndGlobalSection
	GlobalSection(SolutionProperties) = preSolution
		HideSolutionNode = FALSE
	EndGlobalSection
	GlobalSection(ExtensibilityGlobals) = postSolution
		SolutionGuid = {62919937-7E6C-4A3D-9CBE-3BF3CE41EFAC}
	EndGlobalSection
EndGlobal
