
Microsoft Visual Studio Solution File, Format Version 12.00
# Visual Studio Version 17
VisualStudioVersion = 17.6.33815.320
MinimumVisualStudioVersion = 10.0.40219.1
Project("{FAE04EC0-301F-11D3-BF4B-00C04F79EFBC}") = "TaskCRUD", "TaskCRUD\TaskCRUD.csproj", "{48DAACA1-D6B7-43F5-8D23-BB564C36D7CA}"
EndProject
Global
	GlobalSection(SolutionConfigurationPlatforms) = preSolution
		Debug|Any CPU = Debug|Any CPU
		Release|Any CPU = Release|Any CPU
	EndGlobalSection
	GlobalSection(ProjectConfigurationPlatforms) = postSolution
		{48DAACA1-D6B7-43F5-8D23-BB564C36D7CA}.Debug|Any CPU.ActiveCfg = Debug|Any CPU
		{48DAACA1-D6B7-43F5-8D23-BB564C36D7CA}.Debug|Any CPU.Build.0 = Debug|Any CPU
		{48DAACA1-D6B7-43F5-8D23-BB564C36D7CA}.Release|Any CPU.ActiveCfg = Release|Any CPU
		{48DAACA1-D6B7-43F5-8D23-BB564C36D7CA}.Release|Any CPU.Build.0 = Release|Any CPU
	EndGlobalSection
	GlobalSection(SolutionProperties) = preSolution
		HideSolutionNode = FALSE
	EndGlobalSection
	GlobalSection(ExtensibilityGlobals) = postSolution
		SolutionGuid = {E5EF026B-9523-470A-A842-517E2738BC8C}
	EndGlobalSection
EndGlobal
